# Files vendored from other repositories and kept byte-equal to their source by
# vendor-sync.sh, one per line: LOCAL OWNER/REPO PATH COMMIT BLOB [manual]. Never edit a
# copy in place: change it at its source and let the weekly cascade bring it back. How it
# works: references/bump-cascade.md in https://github.com/rokokol/ci-skill
vendor-sync.sh rokokol/ci-skill templates/vendor-sync.sh 974454004b06e09b0af67485f0781eb87afc3c11 65748845239e8495855de9e11fb36dd633c372c6
check-pins.sh rokokol/ci-skill templates/check-pins.sh 974454004b06e09b0af67485f0781eb87afc3c11 8c8ce5ad9c45cfc9c1d86b6ef07ec1f2bb241359
.github/workflows/distro.yml rokokol/huix-standard-skill templates/github/workflows/distro.yml 7ac14ee112b9cf7e4228fae586d83eb1bb772922 6dc3caf8cff783f2b07ceb523cc24897f1310df3 manual
.github/workflows/distro-debian.yml rokokol/huix-standard-skill templates/github/workflows/distro-debian.yml 7ac14ee112b9cf7e4228fae586d83eb1bb772922 13278f25b96a3071ddc2ae2e01151b5e8d8aedc7 manual
.github/workflows/distro-ubuntu.yml rokokol/huix-standard-skill templates/github/workflows/distro-ubuntu.yml 7ac14ee112b9cf7e4228fae586d83eb1bb772922 0430bdfd44e4ed9f05739ca31ff6134b91bfe4c1 manual
.github/workflows/distro-arch.yml rokokol/huix-standard-skill templates/github/workflows/distro-arch.yml 7ac14ee112b9cf7e4228fae586d83eb1bb772922 da56c1614e9959e176f1a573c709059c7628489c manual
.github/workflows/distro-fedora.yml rokokol/huix-standard-skill templates/github/workflows/distro-fedora.yml 7ac14ee112b9cf7e4228fae586d83eb1bb772922 c8aece5f31635fc95c889addd5a8ceace2eae582 manual
.github/workflows/vendor-sync.yml rokokol/ci-skill templates/github/workflows/vendor-sync.yml d55020ab3ca780ea6299336d923b8a3fcb8f491d a5bde77f98d55a43b2c993f4c96a952e0b68010d manual
check-sh.sh rokokol/bash-best-practices-skill check-sh.sh 7d6e178e524e0ddd87688a523bfeedbef4e1fcd9 378308dace9613c6e24e2a704518e9136c59abab
